{
  "nodes": {
    "arrayfire-haskell": {
      "flake": false,
      "locked": {
        "lastModified": 1681826721,
        "narHash": "sha256-O2pwFrlYYf7//fRQd+CvG+y6FuERI+94jXx3uCcvOfY=",
        "owner": "twesterhout",
        "repo": "arrayfire-haskell",
        "rev": "6cb10ef1a4c3077f05436efca4f06887b4750c1a",
        "type": "github"
      },
      "original": {
        "owner": "twesterhout",
        "ref": "main",
        "repo": "arrayfire-haskell",
        "type": "github"
      }
    },
    "arrayfire-nix": {
      "inputs": {
        "flake-utils": [
          "flake-utils"
        ],
        "nixgl": "nixgl",
        "nixpkgs": [
          "nixpkgs"
        ]
      },
      "locked": {
        "lastModified": 1684755228,
        "narHash": "sha256-vmNcxWic4OacqQdBGuJuUt0Fa57jM8M5Emgdhxk7BL8=",
        "owner": "twesterhout",
        "repo": "arrayfire-nix",
        "rev": "705980fdc25615bb0d429a5a47bcbf7e4e29ba53",
        "type": "github"
      },
      "original": {
        "owner": "twesterhout",
        "repo": "arrayfire-nix",
        "type": "github"
      }
    },
    "flake-compat": {
      "flake": false,
      "locked": {
        "lastModified": 1673956053,
        "narHash": "sha256-4gtG9iQuiKITOjNQQeQIpoIB6b16fm+504Ch3sNKLd8=",
        "owner": "edolstra",
        "repo": "flake-compat",
        "rev": "35bb57c0c8d8b62bbfd284272c928ceb64ddbde9",
        "type": "github"
      },
      "original": {
        "owner": "edolstra",
        "repo": "flake-compat",
        "type": "github"
      }
    },
    "flake-utils": {
      "inputs": {
        "systems": "systems"
      },
      "locked": {
        "lastModified": 1685518550,
        "narHash": "sha256-o2d0KcvaXzTrPRIo0kOLV0/QXHhDQ5DTi+OxcjO8xqY=",
        "owner": "numtide",
        "repo": "flake-utils",
        "rev": "a1720a10a6cfe8234c0e93907ffe81be440f4cef",
        "type": "github"
      },
      "original": {
        "owner": "numtide",
        "repo": "flake-utils",
        "type": "github"
      }
    },
    "inline-c": {
      "flake": false,
      "locked": {
        "lastModified": 1679569705,
        "narHash": "sha256-n8bCSrVIjvld/ZKzKviTzuw391RIm5+0YvSBaMH3v/8=",
        "owner": "twesterhout",
        "repo": "inline-c",
        "rev": "794247ee2189f9a46a60cb1effb19f32ebb14d70",
        "type": "github"
      },
      "original": {
        "owner": "twesterhout",
        "repo": "inline-c",
        "type": "github"
      }
    },
    "nix-filter": {
      "locked": {
        "lastModified": 1681154353,
        "narHash": "sha256-MCJ5FHOlbfQRFwN0brqPbCunLEVw05D/3sRVoNVt2tI=",
        "owner": "numtide",
        "repo": "nix-filter",
        "rev": "f529f42792ade8e32c4be274af6b6d60857fbee7",
        "type": "github"
      },
      "original": {
        "owner": "numtide",
        "repo": "nix-filter",
        "type": "github"
      }
    },
    "nixGL": {
      "inputs": {
        "flake-utils": [
          "flake-utils"
        ],
        "nixpkgs": [
          "nixpkgs"
        ]
      },
      "locked": {
        "lastModified": 1685908677,
        "narHash": "sha256-E4zUPEUFyVWjVm45zICaHRpfGepfkE9Z2OECV9HXfA4=",
        "owner": "guibou",
        "repo": "nixGL",
        "rev": "489d6b095ab9d289fe11af0219a9ff00fe87c7c5",
        "type": "github"
      },
      "original": {
        "owner": "guibou",
        "repo": "nixGL",
        "type": "github"
      }
    },
    "nixgl": {
      "inputs": {
        "flake-utils": [
          "arrayfire-nix",
          "flake-utils"
        ],
        "nixpkgs": [
          "arrayfire-nix",
          "nixpkgs"
        ]
      },
      "locked": {
        "lastModified": 1676383589,
        "narHash": "sha256-KCkWZXCjH+C4Kn7fUGSrEl5btk+sERHhZueSsvVbPWc=",
        "owner": "guibou",
        "repo": "nixGL",
        "rev": "c917918ab9ebeee27b0dd657263d3f57ba6bb8ad",
        "type": "github"
      },
      "original": {
        "owner": "guibou",
        "repo": "nixGL",
        "type": "github"
      }
    },
    "nixpkgs": {
      "locked": {
        "lastModified": 1686319658,
        "narHash": "sha256-tGWdoUAqKnE866mYFlEfc2a99kxFy31hOQJH5YQKrTQ=",
        "owner": "nixos",
        "repo": "nixpkgs",
        "rev": "ae766d59b07c450e0f1de8a1bfd6529089f40849",
        "type": "github"
      },
      "original": {
        "owner": "nixos",
        "ref": "nixos-unstable",
        "repo": "nixpkgs",
        "type": "github"
      }
    },
    "root": {
      "inputs": {
        "arrayfire-haskell": "arrayfire-haskell",
        "arrayfire-nix": "arrayfire-nix",
        "flake-compat": "flake-compat",
        "flake-utils": "flake-utils",
        "inline-c": "inline-c",
        "nix-filter": "nix-filter",
        "nixGL": "nixGL",
        "nixpkgs": "nixpkgs"
      }
    },
    "systems": {
      "locked": {
        "lastModified": 1681028828,
        "narHash": "sha256-Vy1rq5AaRuLzOxct8nz4T6wlgyUR7zLU309k9mBC768=",
        "owner": "nix-systems",
        "repo": "default",
        "rev": "da67096a3b9bf56a91d16901293e51ba5b49a27e",
        "type": "github"
      },
      "original": {
        "owner": "nix-systems",
        "repo": "default",
        "type": "github"
      }
    }
  },
  "root": "root",
  "version": 7
}
